
Microsoft Visual Studio Solution File, Format Version 12.00
# Visual Studio Version 17
VisualStudioVersion = 17.2.32630.192
MinimumVisualStudioVersion = 10.0.40219.1
Project("{FAE04EC0-301F-11D3-BF4B-00C04F79EFBC}") = "TheBillBook", "TheBillBook\TheBillBook.csproj", "{1E1DE0CB-2683-43C2-A796-642E5694D756}"
EndProject
Global
	GlobalSection(SolutionConfigurationPlatforms) = preSolution
		Debug|Any CPU = Debug|Any CPU
		Release|Any CPU = Release|Any CPU
	EndGlobalSection
	GlobalSection(ProjectConfigurationPlatforms) = postSolution
		{1E1DE0CB-2683-43C2-A796-642E5694D756}.Debug|Any CPU.ActiveCfg = Debug|Any CPU
		{1E1DE0CB-2683-43C2-A796-642E5694D756}.Debug|Any CPU.Build.0 = Debug|Any CPU
		{1E1DE0CB-2683-43C2-A796-642E5694D756}.Release|Any CPU.ActiveCfg = Release|Any CPU
		{1E1DE0CB-2683-43C2-A796-642E5694D756}.Release|Any CPU.Build.0 = Release|Any CPU
	EndGlobalSection
	GlobalSection(SolutionProperties) = preSolution
		HideSolutionNode = FALSE
	EndGlobalSection
	GlobalSection(ExtensibilityGlobals) = postSolution
		SolutionGuid = {73CBDE64-8164-494A-ABE9-80D92E145536}
	EndGlobalSection
EndGlobal
